
Microsoft Visual Studio Solution File, Format Version 12.00
# Visual Studio Version 16
VisualStudioVersion = 16.0.30523.141
MinimumVisualStudioVersion = 10.0.40219.1
Project("{FAE04EC0-301F-11D3-BF4B-00C04F79EFBC}") = "Problema-18", "Problema-18.csproj", "{838DFCCB-F6E4-4988-8766-16BC78DEDA2F}"
EndProject
Global
	GlobalSection(SolutionConfigurationPlatforms) = preSolution
		Debug|Any CPU = Debug|Any CPU
		Release|Any CPU = Release|Any CPU
	EndGlobalSection
	GlobalSection(ProjectConfigurationPlatforms) = postSolution
		{838DFCCB-F6E4-4988-8766-16BC78DEDA2F}.Debug|Any CPU.ActiveCfg = Debug|Any CPU
		{838DFCCB-F6E4-4988-8766-16BC78DEDA2F}.Debug|Any CPU.Build.0 = Debug|Any CPU
		{838DFCCB-F6E4-4988-8766-16BC78DEDA2F}.Release|Any CPU.ActiveCfg = Release|Any CPU
		{838DFCCB-F6E4-4988-8766-16BC78DEDA2F}.Release|Any CPU.Build.0 = Release|Any CPU
	EndGlobalSection
	GlobalSection(SolutionProperties) = preSolution
		HideSolutionNode = FALSE
	EndGlobalSection
	GlobalSection(ExtensibilityGlobals) = postSolution
		SolutionGuid = {3326D737-3492-438F-91BF-C060D7192C34}
	EndGlobalSection
EndGlobal
