
Microsoft Visual Studio Solution File, Format Version 12.00
# Visual Studio Version 16
VisualStudioVersion = 16.0.31105.61
MinimumVisualStudioVersion = 10.0.40219.1
Project("{FAE04EC0-301F-11D3-BF4B-00C04F79EFBC}") = "Curs11", "Curs11.csproj", "{D8433625-F7A3-4136-B6D1-AF7153042528}"
EndProject
Global
	GlobalSection(SolutionConfigurationPlatforms) = preSolution
		Debug|Any CPU = Debug|Any CPU
		Release|Any CPU = Release|Any CPU
	EndGlobalSection
	GlobalSection(ProjectConfigurationPlatforms) = postSolution
		{D8433625-F7A3-4136-B6D1-AF7153042528}.Debug|Any CPU.ActiveCfg = Debug|Any CPU
		{D8433625-F7A3-4136-B6D1-AF7153042528}.Debug|Any CPU.Build.0 = Debug|Any CPU
		{D8433625-F7A3-4136-B6D1-AF7153042528}.Release|Any CPU.ActiveCfg = Release|Any CPU
		{D8433625-F7A3-4136-B6D1-AF7153042528}.Release|Any CPU.Build.0 = Release|Any CPU
	EndGlobalSection
	GlobalSection(SolutionProperties) = preSolution
		HideSolutionNode = FALSE
	EndGlobalSection
	GlobalSection(ExtensibilityGlobals) = postSolution
		SolutionGuid = {23A1FAB6-A024-4E45-A852-3AEC39F1F481}
	EndGlobalSection
EndGlobal
