
Microsoft Visual Studio Solution File, Format Version 12.00
# Visual Studio Version 16
VisualStudioVersion = 16.0.30717.126
MinimumVisualStudioVersion = 10.0.40219.1
Project("{FAE04EC0-301F-11D3-BF4B-00C04F79EFBC}") = "Problema-9", "Problema-9.csproj", "{AC7E5B14-764E-44E7-9F38-AF76991F3EE5}"
EndProject
Global
	GlobalSection(SolutionConfigurationPlatforms) = preSolution
		Debug|Any CPU = Debug|Any CPU
		Release|Any CPU = Release|Any CPU
	EndGlobalSection
	GlobalSection(ProjectConfigurationPlatforms) = postSolution
		{AC7E5B14-764E-44E7-9F38-AF76991F3EE5}.Debug|Any CPU.ActiveCfg = Debug|Any CPU
		{AC7E5B14-764E-44E7-9F38-AF76991F3EE5}.Debug|Any CPU.Build.0 = Debug|Any CPU
		{AC7E5B14-764E-44E7-9F38-AF76991F3EE5}.Release|Any CPU.ActiveCfg = Release|Any CPU
		{AC7E5B14-764E-44E7-9F38-AF76991F3EE5}.Release|Any CPU.Build.0 = Release|Any CPU
	EndGlobalSection
	GlobalSection(SolutionProperties) = preSolution
		HideSolutionNode = FALSE
	EndGlobalSection
	GlobalSection(ExtensibilityGlobals) = postSolution
		SolutionGuid = {01E65599-6DF4-4D6E-857A-22B8DB2212E3}
	EndGlobalSection
EndGlobal
