
Microsoft Visual Studio Solution File, Format Version 12.00
# Visual Studio Version 16
VisualStudioVersion = 16.0.30711.63
MinimumVisualStudioVersion = 10.0.40219.1
Project("{FAE04EC0-301F-11D3-BF4B-00C04F79EFBC}") = "Problema-8", "Problema-8.csproj", "{BEF13976-4D2A-4821-A046-AF0A8EF37852}"
EndProject
Global
	GlobalSection(SolutionConfigurationPlatforms) = preSolution
		Debug|Any CPU = Debug|Any CPU
		Release|Any CPU = Release|Any CPU
	EndGlobalSection
	GlobalSection(ProjectConfigurationPlatforms) = postSolution
		{BEF13976-4D2A-4821-A046-AF0A8EF37852}.Debug|Any CPU.ActiveCfg = Debug|Any CPU
		{BEF13976-4D2A-4821-A046-AF0A8EF37852}.Debug|Any CPU.Build.0 = Debug|Any CPU
		{BEF13976-4D2A-4821-A046-AF0A8EF37852}.Release|Any CPU.ActiveCfg = Release|Any CPU
		{BEF13976-4D2A-4821-A046-AF0A8EF37852}.Release|Any CPU.Build.0 = Release|Any CPU
	EndGlobalSection
	GlobalSection(SolutionProperties) = preSolution
		HideSolutionNode = FALSE
	EndGlobalSection
	GlobalSection(ExtensibilityGlobals) = postSolution
		SolutionGuid = {24118C6A-E428-493E-B672-2692B60AC4DB}
	EndGlobalSection
EndGlobal
