
Microsoft Visual Studio Solution File, Format Version 12.00
# Visual Studio Version 16
VisualStudioVersion = 16.0.30711.63
MinimumVisualStudioVersion = 10.0.40219.1
Project("{FAE04EC0-301F-11D3-BF4B-00C04F79EFBC}") = "Problema-4", "Problema-4.csproj", "{FEEED992-3D94-4F40-A858-208D5251C1DF}"
EndProject
Global
	GlobalSection(SolutionConfigurationPlatforms) = preSolution
		Debug|Any CPU = Debug|Any CPU
		Release|Any CPU = Release|Any CPU
	EndGlobalSection
	GlobalSection(ProjectConfigurationPlatforms) = postSolution
		{FEEED992-3D94-4F40-A858-208D5251C1DF}.Debug|Any CPU.ActiveCfg = Debug|Any CPU
		{FEEED992-3D94-4F40-A858-208D5251C1DF}.Debug|Any CPU.Build.0 = Debug|Any CPU
		{FEEED992-3D94-4F40-A858-208D5251C1DF}.Release|Any CPU.ActiveCfg = Release|Any CPU
		{FEEED992-3D94-4F40-A858-208D5251C1DF}.Release|Any CPU.Build.0 = Release|Any CPU
	EndGlobalSection
	GlobalSection(SolutionProperties) = preSolution
		HideSolutionNode = FALSE
	EndGlobalSection
	GlobalSection(ExtensibilityGlobals) = postSolution
		SolutionGuid = {4A5385B3-F793-4A41-BD58-B915A5C7B192}
	EndGlobalSection
EndGlobal
