
Microsoft Visual Studio Solution File, Format Version 12.00
# Visual Studio Version 16
VisualStudioVersion = 16.0.30717.126
MinimumVisualStudioVersion = 10.0.40219.1
Project("{FAE04EC0-301F-11D3-BF4B-00C04F79EFBC}") = "Balanced-Ternary-Expansion", "Balanced-Ternary-Expansion.csproj", "{9FF8EBC3-730F-4C56-B3C0-68C35E711376}"
EndProject
Global
	GlobalSection(SolutionConfigurationPlatforms) = preSolution
		Debug|Any CPU = Debug|Any CPU
		Release|Any CPU = Release|Any CPU
	EndGlobalSection
	GlobalSection(ProjectConfigurationPlatforms) = postSolution
		{9FF8EBC3-730F-4C56-B3C0-68C35E711376}.Debug|Any CPU.ActiveCfg = Debug|Any CPU
		{9FF8EBC3-730F-4C56-B3C0-68C35E711376}.Debug|Any CPU.Build.0 = Debug|Any CPU
		{9FF8EBC3-730F-4C56-B3C0-68C35E711376}.Release|Any CPU.ActiveCfg = Release|Any CPU
		{9FF8EBC3-730F-4C56-B3C0-68C35E711376}.Release|Any CPU.Build.0 = Release|Any CPU
	EndGlobalSection
	GlobalSection(SolutionProperties) = preSolution
		HideSolutionNode = FALSE
	EndGlobalSection
	GlobalSection(ExtensibilityGlobals) = postSolution
		SolutionGuid = {6F825DC7-538D-4B44-B4BD-6DB8BCB05E6E}
	EndGlobalSection
EndGlobal
