
Microsoft Visual Studio Solution File, Format Version 12.00
# Visual Studio Version 16
VisualStudioVersion = 16.0.30711.63
MinimumVisualStudioVersion = 10.0.40219.1
Project("{FAE04EC0-301F-11D3-BF4B-00C04F79EFBC}") = "Problema-5", "Problema-5.csproj", "{00C98BDD-5B4F-4331-9E31-D3CF60F6F58A}"
EndProject
Global
	GlobalSection(SolutionConfigurationPlatforms) = preSolution
		Debug|Any CPU = Debug|Any CPU
		Release|Any CPU = Release|Any CPU
	EndGlobalSection
	GlobalSection(ProjectConfigurationPlatforms) = postSolution
		{00C98BDD-5B4F-4331-9E31-D3CF60F6F58A}.Debug|Any CPU.ActiveCfg = Debug|Any CPU
		{00C98BDD-5B4F-4331-9E31-D3CF60F6F58A}.Debug|Any CPU.Build.0 = Debug|Any CPU
		{00C98BDD-5B4F-4331-9E31-D3CF60F6F58A}.Release|Any CPU.ActiveCfg = Release|Any CPU
		{00C98BDD-5B4F-4331-9E31-D3CF60F6F58A}.Release|Any CPU.Build.0 = Release|Any CPU
	EndGlobalSection
	GlobalSection(SolutionProperties) = preSolution
		HideSolutionNode = FALSE
	EndGlobalSection
	GlobalSection(ExtensibilityGlobals) = postSolution
		SolutionGuid = {D6342511-53AE-4050-94B5-FCF3745BC0A1}
	EndGlobalSection
EndGlobal
