
Microsoft Visual Studio Solution File, Format Version 12.00
# Visual Studio Version 16
VisualStudioVersion = 16.0.31025.194
MinimumVisualStudioVersion = 10.0.40219.1
Project("{FAE04EC0-301F-11D3-BF4B-00C04F79EFBC}") = "PartialForms", "PartialForms.csproj", "{88FD4156-6518-45D8-96B7-CFCAB0473BF5}"
EndProject
Global
	GlobalSection(SolutionConfigurationPlatforms) = preSolution
		Debug|Any CPU = Debug|Any CPU
		Release|Any CPU = Release|Any CPU
	EndGlobalSection
	GlobalSection(ProjectConfigurationPlatforms) = postSolution
		{88FD4156-6518-45D8-96B7-CFCAB0473BF5}.Debug|Any CPU.ActiveCfg = Debug|Any CPU
		{88FD4156-6518-45D8-96B7-CFCAB0473BF5}.Debug|Any CPU.Build.0 = Debug|Any CPU
		{88FD4156-6518-45D8-96B7-CFCAB0473BF5}.Release|Any CPU.ActiveCfg = Release|Any CPU
		{88FD4156-6518-45D8-96B7-CFCAB0473BF5}.Release|Any CPU.Build.0 = Release|Any CPU
	EndGlobalSection
	GlobalSection(SolutionProperties) = preSolution
		HideSolutionNode = FALSE
	EndGlobalSection
	GlobalSection(ExtensibilityGlobals) = postSolution
		SolutionGuid = {E342C49D-755A-4B23-870D-5FC1ABB70646}
	EndGlobalSection
EndGlobal
